
Microsoft Visual Studio Solution File, Format Version 12.00
# Visual Studio 15
VisualStudioVersion = 15.0.27428.2037
MinimumVisualStudioVersion = 10.0.40219.1
Project("{9A19103F-16F7-4668-BE54-9A1E7A4F7556}") = "SecurityService.App", "SecurityService.App\SecurityService.App.csproj", "{4F34A611-8D49-4F80-B1E6-4E5E6FA9CE1A}"
EndProject
Project("{FAE04EC0-301F-11D3-BF4B-00C04F79EFBC}") = "SecurityService.Core", "SecurityService.Core\SecurityService.Core.csproj", "{2F003C92-EE40-4910-AA1E-30FCD0E62886}"
EndProject
Project("{FAE04EC0-301F-11D3-BF4B-00C04F79EFBC}") = "SecurityService.Infrastructure", "SecurityService.Infrastructure\SecurityService.Infrastructure.csproj", "{C3093303-DFC1-4914-BA9B-94AF9C0E0C4C}"
EndProject
Global
	GlobalSection(SolutionConfigurationPlatforms) = preSolution
		Debug|Any CPU = Debug|Any CPU
		Release|Any CPU = Release|Any CPU
	EndGlobalSection
	GlobalSection(ProjectConfigurationPlatforms) = postSolution
		{4F34A611-8D49-4F80-B1E6-4E5E6FA9CE1A}.Debug|Any CPU.ActiveCfg = Debug|Any CPU
		{4F34A611-8D49-4F80-B1E6-4E5E6FA9CE1A}.Debug|Any CPU.Build.0 = Debug|Any CPU
		{4F34A611-8D49-4F80-B1E6-4E5E6FA9CE1A}.Release|Any CPU.ActiveCfg = Release|Any CPU
		{4F34A611-8D49-4F80-B1E6-4E5E6FA9CE1A}.Release|Any CPU.Build.0 = Release|Any CPU
		{2F003C92-EE40-4910-AA1E-30FCD0E62886}.Debug|Any CPU.ActiveCfg = Debug|Any CPU
		{2F003C92-EE40-4910-AA1E-30FCD0E62886}.Debug|Any CPU.Build.0 = Debug|Any CPU
		{2F003C92-EE40-4910-AA1E-30FCD0E62886}.Release|Any CPU.ActiveCfg = Release|Any CPU
		{2F003C92-EE40-4910-AA1E-30FCD0E62886}.Release|Any CPU.Build.0 = Release|Any CPU
		{C3093303-DFC1-4914-BA9B-94AF9C0E0C4C}.Debug|Any CPU.ActiveCfg = Debug|Any CPU
		{C3093303-DFC1-4914-BA9B-94AF9C0E0C4C}.Debug|Any CPU.Build.0 = Debug|Any CPU
		{C3093303-DFC1-4914-BA9B-94AF9C0E0C4C}.Release|Any CPU.ActiveCfg = Release|Any CPU
		{C3093303-DFC1-4914-BA9B-94AF9C0E0C4C}.Release|Any CPU.Build.0 = Release|Any CPU
	EndGlobalSection
	GlobalSection(SolutionProperties) = preSolution
		HideSolutionNode = FALSE
	EndGlobalSection
	GlobalSection(ExtensibilityGlobals) = postSolution
		SolutionGuid = {F469444A-2283-4070-91B0-FB2D3C8476BE}
	EndGlobalSection
EndGlobal
